
Microsoft Visual Studio Solution File, Format Version 12.00
# Visual Studio 2012
Project("{8BC9CEB8-8B4A-11D0-8D11-00A0C91BC942}") = "dynlib", "dynlib.vcxproj", "{F7C86AB4-12F6-4D40-AEDC-0B1B1CD931AD}"
EndProject
Project("{8BC9CEB8-8B4A-11D0-8D11-00A0C91BC942}") = "staticlib", "staticlib.vcxproj", "{C71A61B5-D5C1-4CD6-B4B0-101D41984BBF}"
EndProject
Project("{8BC9CEB8-8B4A-11D0-8D11-00A0C91BC942}") = "dynunadf", "dynunadf.vcxproj", "{B8EF10E9-84E6-43C6-B980-73B358580BA4}"
	ProjectSection(ProjectDependencies) = postProject
		{F7C86AB4-12F6-4D40-AEDC-0B1B1CD931AD} = {F7C86AB4-12F6-4D40-AEDC-0B1B1CD931AD}
	EndProjectSection
EndProject
Project("{8BC9CEB8-8B4A-11D0-8D11-00A0C91BC942}") = "staticunadf", "staticunadf.vcxproj", "{CB9D3C1F-C1A6-4EAE-80B5-2DB4A0DEF28F}"
	ProjectSection(ProjectDependencies) = postProject
		{C71A61B5-D5C1-4CD6-B4B0-101D41984BBF} = {C71A61B5-D5C1-4CD6-B4B0-101D41984BBF}
	EndProjectSection
EndProject
Global
	GlobalSection(SolutionConfigurationPlatforms) = preSolution
		Debug|Win32 = Debug|Win32
		Release|Win32 = Release|Win32
	EndGlobalSection
	GlobalSection(ProjectConfigurationPlatforms) = postSolution
		{F7C86AB4-12F6-4D40-AEDC-0B1B1CD931AD}.Debug|Win32.ActiveCfg = Debug|Win32
		{F7C86AB4-12F6-4D40-AEDC-0B1B1CD931AD}.Debug|Win32.Build.0 = Debug|Win32
		{F7C86AB4-12F6-4D40-AEDC-0B1B1CD931AD}.Release|Win32.ActiveCfg = Release|Win32
		{F7C86AB4-12F6-4D40-AEDC-0B1B1CD931AD}.Release|Win32.Build.0 = Release|Win32
		{C71A61B5-D5C1-4CD6-B4B0-101D41984BBF}.Debug|Win32.ActiveCfg = Debug|Win32
		{C71A61B5-D5C1-4CD6-B4B0-101D41984BBF}.Debug|Win32.Build.0 = Debug|Win32
		{C71A61B5-D5C1-4CD6-B4B0-101D41984BBF}.Release|Win32.ActiveCfg = Release|Win32
		{C71A61B5-D5C1-4CD6-B4B0-101D41984BBF}.Release|Win32.Build.0 = Release|Win32
		{B8EF10E9-84E6-43C6-B980-73B358580BA4}.Debug|Win32.ActiveCfg = Debug|Win32
		{B8EF10E9-84E6-43C6-B980-73B358580BA4}.Debug|Win32.Build.0 = Debug|Win32
		{B8EF10E9-84E6-43C6-B980-73B358580BA4}.Release|Win32.ActiveCfg = Release|Win32
		{B8EF10E9-84E6-43C6-B980-73B358580BA4}.Release|Win32.Build.0 = Release|Win32
		{CB9D3C1F-C1A6-4EAE-80B5-2DB4A0DEF28F}.Debug|Win32.ActiveCfg = Debug|Win32
		{CB9D3C1F-C1A6-4EAE-80B5-2DB4A0DEF28F}.Debug|Win32.Build.0 = Debug|Win32
		{CB9D3C1F-C1A6-4EAE-80B5-2DB4A0DEF28F}.Release|Win32.ActiveCfg = Release|Win32
		{CB9D3C1F-C1A6-4EAE-80B5-2DB4A0DEF28F}.Release|Win32.Build.0 = Release|Win32
	EndGlobalSection
	GlobalSection(SolutionProperties) = preSolution
		HideSolutionNode = FALSE
	EndGlobalSection
EndGlobal
